
Microsoft Visual Studio Solution File, Format Version 12.00
# Visual Studio 2012
Project("{FAE04EC0-301F-11D3-BF4B-00C04F79EFBC}") = "simple", "simple.csproj", "{60E4AF13-9935-4A89-B30A-1D344DB6D024}"
EndProject
Global
	GlobalSection(SolutionConfigurationPlatforms) = preSolution
		Debug|x86 = Debug|x86
		Release|x86 = Release|x86
	EndGlobalSection
	GlobalSection(ProjectConfigurationPlatforms) = postSolution
		{60E4AF13-9935-4A89-B30A-1D344DB6D024}.Debug|x86.ActiveCfg = Debug|x86
		{60E4AF13-9935-4A89-B30A-1D344DB6D024}.Debug|x86.Build.0 = Debug|x86
		{60E4AF13-9935-4A89-B30A-1D344DB6D024}.Release|x86.ActiveCfg = Release|x86
		{60E4AF13-9935-4A89-B30A-1D344DB6D024}.Release|x86.Build.0 = Release|x86
	EndGlobalSection
	GlobalSection(MonoDevelopProperties) = preSolution
		StartupItem = simple.csproj
	EndGlobalSection
EndGlobal
